// !$*UTF8*$!
{
	archiveVersion = 1;
	classes = {
	};
	objectVersion = 55;
	objects = {

/* Begin PBXBuildFile section */
		2839907C9F9D62E0A3F630EF /* Pods_TestVision__macOS_.framework in Frameworks */ = {isa = PBXBuildFile; fileRef = 46550081ECF98AC511F4BF8F /* Pods_TestVision__macOS_.framework */; };
		3A66829F280997550057ACDE /* GameState.swift in Sources */ = {isa = PBXBuildFile; fileRef = 3A66829E280997550057ACDE /* GameState.swift */; };
		3A6682A1280997C20057ACDE /* AppState.swift in Sources */ = {isa = PBXBuildFile; fileRef = 3A6682A0280997C20057ACDE /* AppState.swift */; };
		3A6682A3280DAAF10057ACDE /* Camera.swift in Sources */ = {isa = PBXBuildFile; fileRef = 3A6682A2280DAAF10057ACDE /* Camera.swift */; };
		3A6682A5280EA72B0057ACDE /* FrameView.swift in Sources */ = {isa = PBXBuildFile; fileRef = 3A6682A4280EA72B0057ACDE /* FrameView.swift */; };
		3A6682A7280EAAEF0057ACDE /* ContentView+ML.swift in Sources */ = {isa = PBXBuildFile; fileRef = 3A6682A6280EAAEF0057ACDE /* ContentView+ML.swift */; };
		3A6682A9280EB5890057ACDE /* Camera+OutputCapturer.swift in Sources */ = {isa = PBXBuildFile; fileRef = 3A6682A8280EB5890057ACDE /* Camera+OutputCapturer.swift */; };
		3A6682AB280EE0250057ACDE /* StickFigure.swift in Sources */ = {isa = PBXBuildFile; fileRef = 3A6682AA280EE0250057ACDE /* StickFigure.swift */; };
		3A6682B5281043600057ACDE /* testMale.dae in Resources */ = {isa = PBXBuildFile; fileRef = 3A6682B4281043600057ACDE /* testMale.dae */; };
		3A6682B728104C6E0057ACDE /* RiggedObject.swift in Sources */ = {isa = PBXBuildFile; fileRef = 3A6682B628104C6E0057ACDE /* RiggedObject.swift */; };
		3A6682B928114CC60057ACDE /* Math.swift in Sources */ = {isa = PBXBuildFile; fileRef = 3A6682B828114CC60057ACDE /* Math.swift */; };
		3A6682BB28114E670057ACDE /* InfoView.swift in Sources */ = {isa = PBXBuildFile; fileRef = 3A6682BA28114E670057ACDE /* InfoView.swift */; };
		3AC0EF0827FF1F79005C45C6 /* VideoModelDataHandler.swift in Sources */ = {isa = PBXBuildFile; fileRef = 3AC0EF0727FF1F79005C45C6 /* VideoModelDataHandler.swift */; };
		3AC0EF1328004602005C45C6 /* labelmap.txt in Resources */ = {isa = PBXBuildFile; fileRef = 3AC0EF1228004602005C45C6 /* labelmap.txt */; };
		3AC5CD6B27FC5A3F009F4535 /* TestVisionApp.swift in Sources */ = {isa = PBXBuildFile; fileRef = 3AC5CD5B27FC5A3E009F4535 /* TestVisionApp.swift */; };
		3AC5CD6C27FC5A3F009F4535 /* TestVisionApp.swift in Sources */ = {isa = PBXBuildFile; fileRef = 3AC5CD5B27FC5A3E009F4535 /* TestVisionApp.swift */; };
		3AC5CD6D27FC5A3F009F4535 /* ContentView.swift in Sources */ = {isa = PBXBuildFile; fileRef = 3AC5CD5C27FC5A3E009F4535 /* ContentView.swift */; };
		3AC5CD6E27FC5A3F009F4535 /* ContentView.swift in Sources */ = {isa = PBXBuildFile; fileRef = 3AC5CD5C27FC5A3E009F4535 /* ContentView.swift */; };
		3AC5CD6F27FC5A3F009F4535 /* Assets.xcassets in Resources */ = {isa = PBXBuildFile; fileRef = 3AC5CD5D27FC5A3F009F4535 /* Assets.xcassets */; };
		3AC5CD7027FC5A3F009F4535 /* Assets.xcassets in Resources */ = {isa = PBXBuildFile; fileRef = 3AC5CD5D27FC5A3F009F4535 /* Assets.xcassets */; };
		3AF6D7AA280417F9004017C2 /* detection_default.tflite in Resources */ = {isa = PBXBuildFile; fileRef = 3AF6D7A9280417F9004017C2 /* detection_default.tflite */; };
		3AF6D7AD28045E94004017C2 /* AudioAnalysisObserver.swift in Sources */ = {isa = PBXBuildFile; fileRef = 3AF6D7AC28045E94004017C2 /* AudioAnalysisObserver.swift */; };
		3AF6D7AF28046B2A004017C2 /* SampleProcessor.swift in Sources */ = {isa = PBXBuildFile; fileRef = 3AF6D7AE28046B2A004017C2 /* SampleProcessor.swift */; };
		3AF9A4B527FC677B00111058 /* test.mp4 in Resources */ = {isa = PBXBuildFile; fileRef = 3AF9A4B427FC670C00111058 /* test.mp4 */; };
		3AF9A4B627FC677C00111058 /* test.mp4 in Resources */ = {isa = PBXBuildFile; fileRef = 3AF9A4B427FC670C00111058 /* test.mp4 */; };
		920DF6A306484B01C077106D /* Pods_TestVision__iOS_.framework in Frameworks */ = {isa = PBXBuildFile; fileRef = F017E3ED75FE0ED68D2C44CF /* Pods_TestVision__iOS_.framework */; };
/* End PBXBuildFile section */

/* Begin PBXFileReference section */
		370D005717AF73C6E249169C /* Pods-TestVision (macOS).release.xcconfig */ = {isa = PBXFileReference; includeInIndex = 1; lastKnownFileType = text.xcconfig; name = "Pods-TestVision (macOS).release.xcconfig"; path = "Target Support Files/Pods-TestVision (macOS)/Pods-TestVision (macOS).release.xcconfig"; sourceTree = "<group>"; };
		3A66829E280997550057ACDE /* GameState.swift */ = {isa = PBXFileReference; lastKnownFileType = sourcecode.swift; path = GameState.swift; sourceTree = "<group>"; };
		3A6682A0280997C20057ACDE /* AppState.swift */ = {isa = PBXFileReference; lastKnownFileType = sourcecode.swift; path = AppState.swift; sourceTree = "<group>"; };
		3A6682A2280DAAF10057ACDE /* Camera.swift */ = {isa = PBXFileReference; lastKnownFileType = sourcecode.swift; path = Camera.swift; sourceTree = "<group>"; };
		3A6682A4280EA72B0057ACDE /* FrameView.swift */ = {isa = PBXFileReference; lastKnownFileType = sourcecode.swift; path = FrameView.swift; sourceTree = "<group>"; };
		3A6682A6280EAAEF0057ACDE /* ContentView+ML.swift */ = {isa = PBXFileReference; lastKnownFileType = sourcecode.swift; path = "ContentView+ML.swift"; sourceTree = "<group>"; };
		3A6682A8280EB5890057ACDE /* Camera+OutputCapturer.swift */ = {isa = PBXFileReference; lastKnownFileType = sourcecode.swift; path = "Camera+OutputCapturer.swift"; sourceTree = "<group>"; };
		3A6682AA280EE0250057ACDE /* StickFigure.swift */ = {isa = PBXFileReference; lastKnownFileType = sourcecode.swift; path = StickFigure.swift; sourceTree = "<group>"; };
		3A6682B4281043600057ACDE /* testMale.dae */ = {isa = PBXFileReference; fileEncoding = 4; lastKnownFileType = text.xml.dae; path = testMale.dae; sourceTree = "<group>"; };
		3A6682B628104C6E0057ACDE /* RiggedObject.swift */ = {isa = PBXFileReference; lastKnownFileType = sourcecode.swift; path = RiggedObject.swift; sourceTree = "<group>"; };
		3A6682B828114CC60057ACDE /* Math.swift */ = {isa = PBXFileReference; lastKnownFileType = sourcecode.swift; path = Math.swift; sourceTree = "<group>"; };
		3A6682BA28114E670057ACDE /* InfoView.swift */ = {isa = PBXFileReference; lastKnownFileType = sourcecode.swift; path = InfoView.swift; sourceTree = "<group>"; };
		3AC039DC2805B6BA00C16A00 /* TestVision--iOS--Info.plist */ = {isa = PBXFileReference; lastKnownFileType = text.plist; path = "TestVision--iOS--Info.plist"; sourceTree = "<group>"; };
		3AC0EF0727FF1F79005C45C6 /* VideoModelDataHandler.swift */ = {isa = PBXFileReference; lastKnownFileType = sourcecode.swift; path = VideoModelDataHandler.swift; sourceTree = "<group>"; };
		3AC0EF1228004602005C45C6 /* labelmap.txt */ = {isa = PBXFileReference; fileEncoding = 4; lastKnownFileType = text; path = labelmap.txt; sourceTree = "<group>"; };
		3AC5CD5B27FC5A3E009F4535 /* TestVisionApp.swift */ = {isa = PBXFileReference; lastKnownFileType = sourcecode.swift; path = TestVisionApp.swift; sourceTree = "<group>"; };
		3AC5CD5C27FC5A3E009F4535 /* ContentView.swift */ = {isa = PBXFileReference; lastKnownFileType = sourcecode.swift; path = ContentView.swift; sourceTree = "<group>"; };
		3AC5CD5D27FC5A3F009F4535 /* Assets.xcassets */ = {isa = PBXFileReference; lastKnownFileType = folder.assetcatalog; path = Assets.xcassets; sourceTree = "<group>"; };
		3AC5CD6227FC5A3F009F4535 /* TestVision.app */ = {isa = PBXFileReference; explicitFileType = wrapper.application; includeInIndex = 0; path = TestVision.app; sourceTree = BUILT_PRODUCTS_DIR; };
		3AC5CD6827FC5A3F009F4535 /* TestVision.app */ = {isa = PBXFileReference; explicitFileType = wrapper.application; includeInIndex = 0; path = TestVision.app; sourceTree = BUILT_PRODUCTS_DIR; };
		3AC5CD6A27FC5A3F009F4535 /* macOS.entitlements */ = {isa = PBXFileReference; lastKnownFileType = text.plist.entitlements; path = macOS.entitlements; sourceTree = "<group>"; };
		3AF6D7A9280417F9004017C2 /* detection_default.tflite */ = {isa = PBXFileReference; lastKnownFileType = file; path = detection_default.tflite; sourceTree = "<group>"; };
		3AF6D7AC28045E94004017C2 /* AudioAnalysisObserver.swift */ = {isa = PBXFileReference; lastKnownFileType = sourcecode.swift; path = AudioAnalysisObserver.swift; sourceTree = "<group>"; };
		3AF6D7AE28046B2A004017C2 /* SampleProcessor.swift */ = {isa = PBXFileReference; lastKnownFileType = sourcecode.swift; path = SampleProcessor.swift; sourceTree = "<group>"; };
		3AF9A4B427FC670C00111058 /* test.mp4 */ = {isa = PBXFileReference; lastKnownFileType = file; path = test.mp4; sourceTree = "<group>"; };
		46550081ECF98AC511F4BF8F /* Pods_TestVision__macOS_.framework */ = {isa = PBXFileReference; explicitFileType = wrapper.framework; includeInIndex = 0; path = Pods_TestVision__macOS_.framework; sourceTree = BUILT_PRODUCTS_DIR; };
		69317234DF671BCC4ABE7F72 /* Pods-TestVision (iOS).debug.xcconfig */ = {isa = PBXFileReference; includeInIndex = 1; lastKnownFileType = text.xcconfig; name = "Pods-TestVision (iOS).debug.xcconfig"; path = "Target Support Files/Pods-TestVision (iOS)/Pods-TestVision (iOS).debug.xcconfig"; sourceTree = "<group>"; };
		C5A5D31A8299E255FDC0D1E3 /* Pods-TestVision (macOS).debug.xcconfig */ = {isa = PBXFileReference; includeInIndex = 1; lastKnownFileType = text.xcconfig; name = "Pods-TestVision (macOS).debug.xcconfig"; path = "Target Support Files/Pods-TestVision (macOS)/Pods-TestVision (macOS).debug.xcconfig"; sourceTree = "<group>"; };
		C8822BA052FE3284653A1E3A /* Pods-TestVision (iOS).release.xcconfig */ = {isa = PBXFileReference; includeInIndex = 1; lastKnownFileType = text.xcconfig; name = "Pods-TestVision (iOS).release.xcconfig"; path = "Target Support Files/Pods-TestVision (iOS)/Pods-TestVision (iOS).release.xcconfig"; sourceTree = "<group>"; };
		F017E3ED75FE0ED68D2C44CF /* Pods_TestVision__iOS_.framework */ = {isa = PBXFileReference; explicitFileType = wrapper.framework; includeInIndex = 0; path = Pods_TestVision__iOS_.framework; sourceTree = BUILT_PRODUCTS_DIR; };
/* End PBXFileReference section */

/* Begin PBXFrameworksBuildPhase section */
		3AC5CD5F27FC5A3F009F4535 /* Frameworks */ = {
			isa = PBXFrameworksBuildPhase;
			buildActionMask = 2147483647;
			files = (
				920DF6A306484B01C077106D /* Pods_TestVision__iOS_.framework in Frameworks */,
			);
			runOnlyForDeploymentPostprocessing = 0;
		};
		3AC5CD6527FC5A3F009F4535 /* Frameworks */ = {
			isa = PBXFrameworksBuildPhase;
			buildActionMask = 2147483647;
			files = (
				2839907C9F9D62E0A3F630EF /* Pods_TestVision__macOS_.framework in Frameworks */,
			);
			runOnlyForDeploymentPostprocessing = 0;
		};
/* End PBXFrameworksBuildPhase section */

/* Begin PBXGroup section */
		3A6682AE280EF9850057ACDE /* UIComponents */ = {
			isa = PBXGroup;
			children = (
				3AC5CD5C27FC5A3E009F4535 /* ContentView.swift */,
				3A6682A6280EAAEF0057ACDE /* ContentView+ML.swift */,
				3A6682AA280EE0250057ACDE /* StickFigure.swift */,
				3A6682A4280EA72B0057ACDE /* FrameView.swift */,
				3A6682B628104C6E0057ACDE /* RiggedObject.swift */,
				3A6682BA28114E670057ACDE /* InfoView.swift */,
			);
			path = UIComponents;
			sourceTree = "<group>";
		};
		3A6682AF280EF9B00057ACDE /* CapturePose */ = {
			isa = PBXGroup;
			children = (
				3A6682A2280DAAF10057ACDE /* Camera.swift */,
				3A6682A8280EB5890057ACDE /* Camera+OutputCapturer.swift */,
			);
			path = CapturePose;
			sourceTree = "<group>";
		};
		3A6682B0280EF9C80057ACDE /* MLExpirements */ = {
			isa = PBXGroup;
			children = (
				3AF6D7AE28046B2A004017C2 /* SampleProcessor.swift */,
				3AC0EF0727FF1F79005C45C6 /* VideoModelDataHandler.swift */,
				3AF6D7AC28045E94004017C2 /* AudioAnalysisObserver.swift */,
			);
			path = MLExpirements;
			sourceTree = "<group>";
		};
		3A6682B3281043530057ACDE /* Objects */ = {
			isa = PBXGroup;
			children = (
				3A6682B4281043600057ACDE /* testMale.dae */,
			);
			path = Objects;
			sourceTree = "<group>";
		};
		3A6682BC28114FD10057ACDE /* Utilities */ = {
			isa = PBXGroup;
			children = (
				3A6682B828114CC60057ACDE /* Math.swift */,
			);
			path = Utilities;
			sourceTree = "<group>";
		};
		3AC5CD5527FC5A3E009F4535 = {
			isa = PBXGroup;
			children = (
				3AC039DC2805B6BA00C16A00 /* TestVision--iOS--Info.plist */,
				3AC5CD5A27FC5A3E009F4535 /* Shared */,
				3AC5CD6927FC5A3F009F4535 /* macOS */,
				3AC5CD6327FC5A3F009F4535 /* Products */,
				7D0B9E4CBB86F8D8CB1B2982 /* Pods */,
				F0905C1D0059AB70B0B804B5 /* Frameworks */,
			);
			sourceTree = "<group>";
		};
		3AC5CD5A27FC5A3E009F4535 /* Shared */ = {
			isa = PBXGroup;
			children = (
				3A6682BC28114FD10057ACDE /* Utilities */,
				3A6682B3281043530057ACDE /* Objects */,
				3A6682B0280EF9C80057ACDE /* MLExpirements */,
				3A6682AF280EF9B00057ACDE /* CapturePose */,
				3A6682AE280EF9850057ACDE /* UIComponents */,
				3A6682A0280997C20057ACDE /* AppState.swift */,
				3A66829E280997550057ACDE /* GameState.swift */,
				3AC5CD5B27FC5A3E009F4535 /* TestVisionApp.swift */,
				3AF9A4B427FC670C00111058 /* test.mp4 */,
				3AF6D7A9280417F9004017C2 /* detection_default.tflite */,
				3AC0EF1228004602005C45C6 /* labelmap.txt */,
				3AC5CD5D27FC5A3F009F4535 /* Assets.xcassets */,
			);
			path = Shared;
			sourceTree = "<group>";
		};
		3AC5CD6327FC5A3F009F4535 /* Products */ = {
			isa = PBXGroup;
			children = (
				3AC5CD6227FC5A3F009F4535 /* TestVision.app */,
				3AC5CD6827FC5A3F009F4535 /* TestVision.app */,
			);
			name = Products;
			sourceTree = "<group>";
		};
		3AC5CD6927FC5A3F009F4535 /* macOS */ = {
			isa = PBXGroup;
			children = (
				3AC5CD6A27FC5A3F009F4535 /* macOS.entitlements */,
			);
			path = macOS;
			sourceTree = "<group>";
		};
		7D0B9E4CBB86F8D8CB1B2982 /* Pods */ = {
			isa = PBXGroup;
			children = (
				69317234DF671BCC4ABE7F72 /* Pods-TestVision (iOS).debug.xcconfig */,
				C8822BA052FE3284653A1E3A /* Pods-TestVision (iOS).release.xcconfig */,
				C5A5D31A8299E255FDC0D1E3 /* Pods-TestVision (macOS).debug.xcconfig */,
				370D005717AF73C6E249169C /* Pods-TestVision (macOS).release.xcconfig */,
			);
			path = Pods;
			sourceTree = "<group>";
		};
		F0905C1D0059AB70B0B804B5 /* Frameworks */ = {
			isa = PBXGroup;
			children = (
				F017E3ED75FE0ED68D2C44CF /* Pods_TestVision__iOS_.framework */,
				46550081ECF98AC511F4BF8F /* Pods_TestVision__macOS_.framework */,
			);
			name = Frameworks;
			sourceTree = "<group>";
		};
/* End PBXGroup section */

/* Begin PBXNativeTarget section */
		3AC5CD6127FC5A3F009F4535 /* TestVision (iOS) */ = {
			isa = PBXNativeTarget;
			buildConfigurationList = 3AC5CD7327FC5A3F009F4535 /* Build configuration list for PBXNativeTarget "TestVision (iOS)" */;
			buildPhases = (
				2CE524A8F76445E6C67B9A41 /* [CP] Check Pods Manifest.lock */,
				3AC5CD5E27FC5A3F009F4535 /* Sources */,
				3AC5CD5F27FC5A3F009F4535 /* Frameworks */,
				3AC5CD6027FC5A3F009F4535 /* Resources */,
			);
			buildRules = (
			);
			dependencies = (
			);
			name = "TestVision (iOS)";
			productName = "TestVision (iOS)";
			productReference = 3AC5CD6227FC5A3F009F4535 /* TestVision.app */;
			productType = "com.apple.product-type.application";
		};
		3AC5CD6727FC5A3F009F4535 /* TestVision (macOS) */ = {
			isa = PBXNativeTarget;
			buildConfigurationList = 3AC5CD7627FC5A3F009F4535 /* Build configuration list for PBXNativeTarget "TestVision (macOS)" */;
			buildPhases = (
				C93E7B47A437FC840339DB18 /* [CP] Check Pods Manifest.lock */,
				3AC5CD6427FC5A3F009F4535 /* Sources */,
				3AC5CD6527FC5A3F009F4535 /* Frameworks */,
				3AC5CD6627FC5A3F009F4535 /* Resources */,
			);
			buildRules = (
			);
			dependencies = (
			);
			name = "TestVision (macOS)";
			productName = "TestVision (macOS)";
			productReference = 3AC5CD6827FC5A3F009F4535 /* TestVision.app */;
			productType = "com.apple.product-type.application";
		};
/* End PBXNativeTarget section */

/* Begin PBXProject section */
		3AC5CD5627FC5A3E009F4535 /* Project object */ = {
			isa = PBXProject;
			attributes = {
				BuildIndependentTargetsInParallel = 1;
				LastSwiftUpdateCheck = 1330;
				LastUpgradeCheck = 1330;
				TargetAttributes = {
					3AC5CD6127FC5A3F009F4535 = {
						CreatedOnToolsVersion = 13.3;
					};
					3AC5CD6727FC5A3F009F4535 = {
						CreatedOnToolsVersion = 13.3;
					};
				};
			};
			buildConfigurationList = 3AC5CD5927FC5A3E009F4535 /* Build configuration list for PBXProject "TestVision" */;
			compatibilityVersion = "Xcode 13.0";
			developmentRegion = en;
			hasScannedForEncodings = 0;
			knownRegions = (
				en,
				Base,
			);
			mainGroup = 3AC5CD5527FC5A3E009F4535;
			productRefGroup = 3AC5CD6327FC5A3F009F4535 /* Products */;
			projectDirPath = "";
			projectRoot = "";
			targets = (
				3AC5CD6127FC5A3F009F4535 /* TestVision (iOS) */,
				3AC5CD6727FC5A3F009F4535 /* TestVision (macOS) */,
			);
		};
/* End PBXProject section */

/* Begin PBXResourcesBuildPhase section */
		3AC5CD6027FC5A3F009F4535 /* Resources */ = {
			isa = PBXResourcesBuildPhase;
			buildActionMask = 2147483647;
			files = (
				3A6682B5281043600057ACDE /* testMale.dae in Resources */,
				3AF6D7AA280417F9004017C2 /* detection_default.tflite in Resources */,
				3AC5CD6F27FC5A3F009F4535 /* Assets.xcassets in Resources */,
				3AF9A4B527FC677B00111058 /* test.mp4 in Resources */,
				3AC0EF1328004602005C45C6 /* labelmap.txt in Resources */,
			);
			runOnlyForDeploymentPostprocessing = 0;
		};
		3AC5CD6627FC5A3F009F4535 /* Resources */ = {
			isa = PBXResourcesBuildPhase;
			buildActionMask = 2147483647;
			files = (
				3AC5CD7027FC5A3F009F4535 /* Assets.xcassets in Resources */,
				3AF9A4B627FC677C00111058 /* test.mp4 in Resources */,
			);
			runOnlyForDeploymentPostprocessing = 0;
		};
/* End PBXResourcesBuildPhase section */

/* Begin PBXShellScriptBuildPhase section */
		2CE524A8F76445E6C67B9A41 /* [CP] Check Pods Manifest.lock */ = {
			isa = PBXShellScriptBuildPhase;
			buildActionMask = 2147483647;
			files = (
			);
			inputFileListPaths = (
			);
			inputPaths = (
				"${PODS_PODFILE_DIR_PATH}/Podfile.lock",
				"${PODS_ROOT}/Manifest.lock",
			);
			name = "[CP] Check Pods Manifest.lock";
			outputFileListPaths = (
			);
			outputPaths = (
				"$(DERIVED_FILE_DIR)/Pods-TestVision (iOS)-checkManifestLockResult.txt",
			);
			runOnlyForDeploymentPostprocessing = 0;
			shellPath = /bin/sh;
			shellScript = "diff \"${PODS_PODFILE_DIR_PATH}/Podfile.lock\" \"${PODS_ROOT}/Manifest.lock\" > /dev/null\nif [ $? != 0 ] ; then\n    # print error to STDERR\n    echo \"error: The sandbox is not in sync with the Podfile.lock. Run 'pod install' or update your CocoaPods installation.\" >&2\n    exit 1\nfi\n# This output is used by Xcode 'outputs' to avoid re-running this script phase.\necho \"SUCCESS\" > \"${SCRIPT_OUTPUT_FILE_0}\"\n";
			showEnvVarsInLog = 0;
		};
		C93E7B47A437FC840339DB18 /* [CP] Check Pods Manifest.lock */ = {
			isa = PBXShellScriptBuildPhase;
			buildActionMask = 2147483647;
			files = (
			);
			inputFileListPaths = (
			);
			inputPaths = (
				"${PODS_PODFILE_DIR_PATH}/Podfile.lock",
				"${PODS_ROOT}/Manifest.lock",
			);
			name = "[CP] Check Pods Manifest.lock";
			outputFileListPaths = (
			);
			outputPaths = (
				"$(DERIVED_FILE_DIR)/Pods-TestVision (macOS)-checkManifestLockResult.txt",
			);
			runOnlyForDeploymentPostprocessing = 0;
			shellPath = /bin/sh;
			shellScript = "diff \"${PODS_PODFILE_DIR_PATH}/Podfile.lock\" \"${PODS_ROOT}/Manifest.lock\" > /dev/null\nif [ $? != 0 ] ; then\n    # print error to STDERR\n    echo \"error: The sandbox is not in sync with the Podfile.lock. Run 'pod install' or update your CocoaPods installation.\" >&2\n    exit 1\nfi\n# This output is used by Xcode 'outputs' to avoid re-running this script phase.\necho \"SUCCESS\" > \"${SCRIPT_OUTPUT_FILE_0}\"\n";
			showEnvVarsInLog = 0;
		};
/* End PBXShellScriptBuildPhase section */

/* Begin PBXSourcesBuildPhase section */
		3AC5CD5E27FC5A3F009F4535 /* Sources */ = {
			isa = PBXSourcesBuildPhase;
			buildActionMask = 2147483647;
			files = (
				3A6682A3280DAAF10057ACDE /* Camera.swift in Sources */,
				3AC5CD6D27FC5A3F009F4535 /* ContentView.swift in Sources */,
				3AC5CD6B27FC5A3F009F4535 /* TestVisionApp.swift in Sources */,
				3A6682B928114CC60057ACDE /* Math.swift in Sources */,
				3A6682B728104C6E0057ACDE /* RiggedObject.swift in Sources */,
				3A6682A5280EA72B0057ACDE /* FrameView.swift in Sources */,
				3A6682A1280997C20057ACDE /* AppState.swift in Sources */,
				3A6682A7280EAAEF0057ACDE /* ContentView+ML.swift in Sources */,
				3A6682A9280EB5890057ACDE /* Camera+OutputCapturer.swift in Sources */,
				3AC0EF0827FF1F79005C45C6 /* VideoModelDataHandler.swift in Sources */,
				3A6682AB280EE0250057ACDE /* StickFigure.swift in Sources */,
				3A66829F280997550057ACDE /* GameState.swift in Sources */,
				3AF6D7AD28045E94004017C2 /* AudioAnalysisObserver.swift in Sources */,
				3A6682BB28114E670057ACDE /* InfoView.swift in Sources */,
				3AF6D7AF28046B2A004017C2 /* SampleProcessor.swift in Sources */,
			);
			runOnlyForDeploymentPostprocessing = 0;
		};
		3AC5CD6427FC5A3F009F4535 /* Sources */ = {
			isa = PBXSourcesBuildPhase;
			buildActionMask = 2147483647;
			files = (
				3AC5CD6E27FC5A3F009F4535 /* ContentView.swift in Sources */,
				3AC5CD6C27FC5A3F009F4535 /* TestVisionApp.swift in Sources */,
			);
			runOnlyForDeploymentPostprocessing = 0;
		};
/* End PBXSourcesBuildPhase section */

/* Begin XCBuildConfiguration section */
		3AC5CD7127FC5A3F009F4535 /* Debug */ = {
			isa = XCBuildConfiguration;
			buildSettings = {
				ALWAYS_SEARCH_USER_PATHS = NO;
				CLANG_ANALYZER_NONNULL = YES;
				CLANG_ANALYZER_NUMBER_OBJECT_CONVERSION = YES_AGGRESSIVE;
				CLANG_CXX_LANGUAGE_STANDARD = "gnu++17";
				CLANG_ENABLE_MODULES = YES;
				CLANG_ENABLE_OBJC_ARC = YES;
				CLANG_ENABLE_OBJC_WEAK = YES;
				CLANG_WARN_BLOCK_CAPTURE_AUTORELEASING = YES;
				CLANG_WARN_BOOL_CONVERSION = YES;
				CLANG_WARN_COMMA = YES;
				CLANG_WARN_CONSTANT_CONVERSION = YES;
				CLANG_WARN_DEPRECATED_OBJC_IMPLEMENTATIONS = YES;
				CLANG_WARN_DIRECT_OBJC_ISA_USAGE = YES_ERROR;
				CLANG_WARN_DOCUMENTATION_COMMENTS = YES;
				CLANG_WARN_EMPTY_BODY = YES;
				CLANG_WARN_ENUM_CONVERSION = YES;
				CLANG_WARN_INFINITE_RECURSION = YES;
				CLANG_WARN_INT_CONVERSION = YES;
				CLANG_WARN_NON_LITERAL_NULL_CONVERSION = YES;
				CLANG_WARN_OBJC_IMPLICIT_RETAIN_SELF = YES;
				CLANG_WARN_OBJC_LITERAL_CONVERSION = YES;
				CLANG_WARN_OBJC_ROOT_CLASS = YES_ERROR;
				CLANG_WARN_QUOTED_INCLUDE_IN_FRAMEWORK_HEADER = YES;
				CLANG_WARN_RANGE_LOOP_ANALYSIS = YES;
				CLANG_WARN_STRICT_PROTOTYPES = YES;
				CLANG_WARN_SUSPICIOUS_MOVE = YES;
				CLANG_WARN_UNGUARDED_AVAILABILITY = YES_AGGRESSIVE;
				CLANG_WARN_UNREACHABLE_CODE = YES;
				CLANG_WARN__DUPLICATE_METHOD_MATCH = YES;
				COPY_PHASE_STRIP = NO;
				DEBUG_INFORMATION_FORMAT = dwarf;
				ENABLE_STRICT_OBJC_MSGSEND = YES;
				ENABLE_TESTABILITY = YES;
				GCC_C_LANGUAGE_STANDARD = gnu11;
				GCC_DYNAMIC_NO_PIC = NO;
				GCC_NO_COMMON_BLOCKS = YES;
				GCC_OPTIMIZATION_LEVEL = 0;
				GCC_PREPROCESSOR_DEFINITIONS = (
					"DEBUG=1",
					"$(inherited)",
				);
				GCC_WARN_64_TO_32_BIT_CONVERSION = YES;
				GCC_WARN_ABOUT_RETURN_TYPE = YES_ERROR;
				GCC_WARN_UNDECLARED_SELECTOR = YES;
				GCC_WARN_UNINITIALIZED_AUTOS = YES_AGGRESSIVE;
				GCC_WARN_UNUSED_FUNCTION = YES;
				GCC_WARN_UNUSED_VARIABLE = YES;
				MTL_ENABLE_DEBUG_INFO = INCLUDE_SOURCE;
				MTL_FAST_MATH = YES;
				ONLY_ACTIVE_ARCH = YES;
				SWIFT_ACTIVE_COMPILATION_CONDITIONS = DEBUG;
				SWIFT_OPTIMIZATION_LEVEL = "-Onone";
			};
			name = Debug;
		};
		3AC5CD7227FC5A3F009F4535 /* Release */ = {
			isa = XCBuildConfiguration;
			buildSettings = {
				ALWAYS_SEARCH_USER_PATHS = NO;
				CLANG_ANALYZER_NONNULL = YES;
				CLANG_ANALYZER_NUMBER_OBJECT_CONVERSION = YES_AGGRESSIVE;
				CLANG_CXX_LANGUAGE_STANDARD = "gnu++17";
				CLANG_ENABLE_MODULES = YES;
				CLANG_ENABLE_OBJC_ARC = YES;
				CLANG_ENABLE_OBJC_WEAK = YES;
				CLANG_WARN_BLOCK_CAPTURE_AUTORELEASING = YES;
				CLANG_WARN_BOOL_CONVERSION = YES;
				CLANG_WARN_COMMA = YES;
				CLANG_WARN_CONSTANT_CONVERSION = YES;
				CLANG_WARN_DEPRECATED_OBJC_IMPLEMENTATIONS = YES;
				CLANG_WARN_DIRECT_OBJC_ISA_USAGE = YES_ERROR;
				CLANG_WARN_DOCUMENTATION_COMMENTS = YES;
				CLANG_WARN_EMPTY_BODY = YES;
				CLANG_WARN_ENUM_CONVERSION = YES;
				CLANG_WARN_INFINITE_RECURSION = YES;
				CLANG_WARN_INT_CONVERSION = YES;
				CLANG_WARN_NON_LITERAL_NULL_CONVERSION = YES;
				CLANG_WARN_OBJC_IMPLICIT_RETAIN_SELF = YES;
				CLANG_WARN_OBJC_LITERAL_CONVERSION = YES;
				CLANG_WARN_OBJC_ROOT_CLASS = YES_ERROR;
				CLANG_WARN_QUOTED_INCLUDE_IN_FRAMEWORK_HEADER = YES;
				CLANG_WARN_RANGE_LOOP_ANALYSIS = YES;
				CLANG_WARN_STRICT_PROTOTYPES = YES;
				CLANG_WARN_SUSPICIOUS_MOVE = YES;
				CLANG_WARN_UNGUARDED_AVAILABILITY = YES_AGGRESSIVE;
				CLANG_WARN_UNREACHABLE_CODE = YES;
				CLANG_WARN__DUPLICATE_METHOD_MATCH = YES;
				COPY_PHASE_STRIP = NO;
				DEBUG_INFORMATION_FORMAT = "dwarf-with-dsym";
				ENABLE_NS_ASSERTIONS = NO;
				ENABLE_STRICT_OBJC_MSGSEND = YES;
				GCC_C_LANGUAGE_STANDARD = gnu11;
				GCC_NO_COMMON_BLOCKS = YES;
				GCC_WARN_64_TO_32_BIT_CONVERSION = YES;
				GCC_WARN_ABOUT_RETURN_TYPE = YES_ERROR;
				GCC_WARN_UNDECLARED_SELECTOR = YES;
				GCC_WARN_UNINITIALIZED_AUTOS = YES_AGGRESSIVE;
				GCC_WARN_UNUSED_FUNCTION = YES;
				GCC_WARN_UNUSED_VARIABLE = YES;
				MTL_ENABLE_DEBUG_INFO = NO;
				MTL_FAST_MATH = YES;
				SWIFT_COMPILATION_MODE = wholemodule;
				SWIFT_OPTIMIZATION_LEVEL = "-O";
			};
			name = Release;
		};
		3AC5CD7427FC5A3F009F4535 /* Debug */ = {
			isa = XCBuildConfiguration;
			baseConfigurationReference = 69317234DF671BCC4ABE7F72 /* Pods-TestVision (iOS).debug.xcconfig */;
			buildSettings = {
				ASSETCATALOG_COMPILER_APPICON_NAME = AppIcon;
				ASSETCATALOG_COMPILER_GLOBAL_ACCENT_COLOR_NAME = AccentColor;
				CODE_SIGN_STYLE = Automatic;
				CURRENT_PROJECT_VERSION = 1;
				DEVELOPMENT_TEAM = FD6ZML48V9;
				ENABLE_PREVIEWS = YES;
				GENERATE_INFOPLIST_FILE = YES;
				INFOPLIST_FILE = "TestVision--iOS--Info.plist";
				INFOPLIST_KEY_UIApplicationSceneManifest_Generation = YES;
				INFOPLIST_KEY_UIApplicationSupportsIndirectInputEvents = YES;
				INFOPLIST_KEY_UILaunchScreen_Generation = YES;
				INFOPLIST_KEY_UISupportedInterfaceOrientations_iPad = "UIInterfaceOrientationPortrait UIInterfaceOrientationPortraitUpsideDown UIInterfaceOrientationLandscapeLeft UIInterfaceOrientationLandscapeRight";
				INFOPLIST_KEY_UISupportedInterfaceOrientations_iPhone = "UIInterfaceOrientationPortrait UIInterfaceOrientationLandscapeLeft UIInterfaceOrientationLandscapeRight";
				IPHONEOS_DEPLOYMENT_TARGET = 15.4;
				LD_RUNPATH_SEARCH_PATHS = (
					"$(inherited)",
					"@executable_path/Frameworks",
				);
				MARKETING_VERSION = 1.0;
				PRODUCT_BUNDLE_IDENTIFIER = com.anjlab.TestVision;
				PRODUCT_NAME = TestVision;
				SDKROOT = iphoneos;
				SWIFT_EMIT_LOC_STRINGS = YES;
				SWIFT_VERSION = 5.0;
				TARGETED_DEVICE_FAMILY = "1,2";
			};
			name = Debug;
		};
		3AC5CD7527FC5A3F009F4535 /* Release */ = {
			isa = XCBuildConfiguration;
			baseConfigurationReference = C8822BA052FE3284653A1E3A /* Pods-TestVision (iOS).release.xcconfig */;
			buildSettings = {
				ASSETCATALOG_COMPILER_APPICON_NAME = AppIcon;
				ASSETCATALOG_COMPILER_GLOBAL_ACCENT_COLOR_NAME = AccentColor;
				CODE_SIGN_STYLE = Automatic;
				CURRENT_PROJECT_VERSION = 1;
				DEVELOPMENT_TEAM = FD6ZML48V9;
				ENABLE_PREVIEWS = YES;
				GENERATE_INFOPLIST_FILE = YES;
				INFOPLIST_FILE = "TestVision--iOS--Info.plist";
				INFOPLIST_KEY_UIApplicationSceneManifest_Generation = YES;
				INFOPLIST_KEY_UIApplicationSupportsIndirectInputEvents = YES;
				INFOPLIST_KEY_UILaunchScreen_Generation = YES;
				INFOPLIST_KEY_UISupportedInterfaceOrientations_iPad = "UIInterfaceOrientationPortrait UIInterfaceOrientationPortraitUpsideDown UIInterfaceOrientationLandscapeLeft UIInterfaceOrientationLandscapeRight";
				INFOPLIST_KEY_UISupportedInterfaceOrientations_iPhone = "UIInterfaceOrientationPortrait UIInterfaceOrientationLandscapeLeft UIInterfaceOrientationLandscapeRight";
				IPHONEOS_DEPLOYMENT_TARGET = 15.4;
				LD_RUNPATH_SEARCH_PATHS = (
					"$(inherited)",
					"@executable_path/Frameworks",
				);
				MARKETING_VERSION = 1.0;
				PRODUCT_BUNDLE_IDENTIFIER = com.anjlab.TestVision;
				PRODUCT_NAME = TestVision;
				SDKROOT = iphoneos;
				SWIFT_EMIT_LOC_STRINGS = YES;
				SWIFT_VERSION = 5.0;
				TARGETED_DEVICE_FAMILY = "1,2";
				VALIDATE_PRODUCT = YES;
			};
			name = Release;
		};
		3AC5CD7727FC5A3F009F4535 /* Debug */ = {
			isa = XCBuildConfiguration;
			baseConfigurationReference = C5A5D31A8299E255FDC0D1E3 /* Pods-TestVision (macOS).debug.xcconfig */;
			buildSettings = {
				ASSETCATALOG_COMPILER_APPICON_NAME = AppIcon;
				ASSETCATALOG_COMPILER_GLOBAL_ACCENT_COLOR_NAME = AccentColor;
				CODE_SIGN_ENTITLEMENTS = macOS/macOS.entitlements;
				CODE_SIGN_STYLE = Automatic;
				COMBINE_HIDPI_IMAGES = YES;
				CURRENT_PROJECT_VERSION = 1;
				DEVELOPMENT_TEAM = FD6ZML48V9;
				ENABLE_HARDENED_RUNTIME = YES;
				ENABLE_PREVIEWS = YES;
				GENERATE_INFOPLIST_FILE = YES;
				INFOPLIST_KEY_NSHumanReadableCopyright = "";
				LD_RUNPATH_SEARCH_PATHS = (
					"$(inherited)",
					"@executable_path/../Frameworks",
				);
				MACOSX_DEPLOYMENT_TARGET = 12.3;
				MARKETING_VERSION = 1.0;
				PRODUCT_BUNDLE_IDENTIFIER = com.anjlab.TestVision;
				PRODUCT_NAME = TestVision;
				SDKROOT = macosx;
				SWIFT_EMIT_LOC_STRINGS = YES;
				SWIFT_VERSION = 5.0;
			};
			name = Debug;
		};
		3AC5CD7827FC5A3F009F4535 /* Release */ = {
			isa = XCBuildConfiguration;
			baseConfigurationReference = 370D005717AF73C6E249169C /* Pods-TestVision (macOS).release.xcconfig */;
			buildSettings = {
				ASSETCATALOG_COMPILER_APPICON_NAME = AppIcon;
				ASSETCATALOG_COMPILER_GLOBAL_ACCENT_COLOR_NAME = AccentColor;
				CODE_SIGN_ENTITLEMENTS = macOS/macOS.entitlements;
				CODE_SIGN_STYLE = Automatic;
				COMBINE_HIDPI_IMAGES = YES;
				CURRENT_PROJECT_VERSION = 1;
				DEVELOPMENT_TEAM = FD6ZML48V9;
				ENABLE_HARDENED_RUNTIME = YES;
				ENABLE_PREVIEWS = YES;
				GENERATE_INFOPLIST_FILE = YES;
				INFOPLIST_KEY_NSHumanReadableCopyright = "";
				LD_RUNPATH_SEARCH_PATHS = (
					"$(inherited)",
					"@executable_path/../Frameworks",
				);
				MACOSX_DEPLOYMENT_TARGET = 12.3;
				MARKETING_VERSION = 1.0;
				PRODUCT_BUNDLE_IDENTIFIER = com.anjlab.TestVision;
				PRODUCT_NAME = TestVision;
				SDKROOT = macosx;
				SWIFT_EMIT_LOC_STRINGS = YES;
				SWIFT_VERSION = 5.0;
			};
			name = Release;
		};
/* End XCBuildConfiguration section */

/* Begin XCConfigurationList section */
		3AC5CD5927FC5A3E009F4535 /* Build configuration list for PBXProject "TestVision" */ = {
			isa = XCConfigurationList;
			buildConfigurations = (
				3AC5CD7127FC5A3F009F4535 /* Debug */,
				3AC5CD7227FC5A3F009F4535 /* Release */,
			);
			defaultConfigurationIsVisible = 0;
			defaultConfigurationName = Release;
		};
		3AC5CD7327FC5A3F009F4535 /* Build configuration list for PBXNativeTarget "TestVision (iOS)" */ = {
			isa = XCConfigurationList;
			buildConfigurations = (
				3AC5CD7427FC5A3F009F4535 /* Debug */,
				3AC5CD7527FC5A3F009F4535 /* Release */,
			);
			defaultConfigurationIsVisible = 0;
			defaultConfigurationName = Release;
		};
		3AC5CD7627FC5A3F009F4535 /* Build configuration list for PBXNativeTarget "TestVision (macOS)" */ = {
			isa = XCConfigurationList;
			buildConfigurations = (
				3AC5CD7727FC5A3F009F4535 /* Debug */,
				3AC5CD7827FC5A3F009F4535 /* Release */,
			);
			defaultConfigurationIsVisible = 0;
			defaultConfigurationName = Release;
		};
/* End XCConfigurationList section */
	};
	rootObject = 3AC5CD5627FC5A3E009F4535 /* Project object */;
}
